{
  "nodes": {
    "nixpkgs": {
      "locked": {
        "lastModified": 1734083684,
        "narHash": "sha256-5fNndbndxSx5d+C/D0p/VF32xDiJCJzyOqorOYW4JEo=",
        "owner": "nixos",
        "repo": "nixpkgs",
        "rev": "314e12ba369ccdb9b352a4db26ff419f7c49fa84",
        "type": "github"
      },
      "original": {
        "owner": "nixos",
        "ref": "nixos-24.11",
        "repo": "nixpkgs",
        "type": "github"
      }
    },
    "quadlet": {
      "inputs": {
        "nixpkgs": [
          "nixpkgs"
        ]
      },
      "locked": {
        "lastModified": 1733477294,
        "narHash": "sha256-BdVwpPSvjxSNSspY6dkxA4I0XMOS0FniUCJ0W7OXgKI=",
        "owner": "SEIAROTg",
        "repo": "quadlet-nix",
        "rev": "6a09501a2e306d64756d63a61bbf47de30efab5e",
        "type": "github"
      },
      "original": {
        "owner": "SEIAROTg",
        "repo": "quadlet-nix",
        "type": "github"
      }
    },
    "root": {
      "inputs": {
        "nixpkgs": "nixpkgs",
        "quadlet": "quadlet"
      }
    }
  },
  "root": "root",
  "version": 7
}
