{
  "nodes": {
    "nixpkgs": {
      "locked": {
        "lastModified": 1706826059,
        "narHash": "sha256-N69Oab+cbt3flLvYv8fYnEHlBsWwdKciNZHUbynVEOA=",
        "owner": "nixos",
        "repo": "nixpkgs",
        "rev": "25e3d4c0d3591c99929b1ec07883177f6ea70c9d",
        "type": "github"
      },
      "original": {
        "owner": "nixos",
        "ref": "nixos-23.11",
        "repo": "nixpkgs",
        "type": "github"
      }
    },
    "quadlet": {
      "inputs": {
        "nixpkgs": [
          "nixpkgs"
        ]
      },
      "locked": {
        "lastModified": 1702859573,
        "narHash": "sha256-/ZEx5hssLBQ52s9MtWV/X36a5ncKJ71nNfm4Lrt8zJ0=",
        "owner": "SEIAROTg",
        "repo": "quadlet-nix",
        "rev": "e93b9d9b633ff4686e1efa6b67c49a756cad100f",
        "type": "github"
      },
      "original": {
        "owner": "SEIAROTg",
        "repo": "quadlet-nix",
        "type": "github"
      }
    },
    "root": {
      "inputs": {
        "nixpkgs": "nixpkgs",
        "quadlet": "quadlet"
      }
    }
  },
  "root": "root",
  "version": 7
}
