{
  "nodes": {
    "nixpkgs": {
      "locked": {
        "lastModified": 1716218643,
        "narHash": "sha256-i/E7gzQybvcGAYDRGDl39WL6yVk30Je/NXypBz6/nmM=",
        "owner": "nixos",
        "repo": "nixpkgs",
        "rev": "a8695cbd09a7ecf3376bd62c798b9864d20f86ee",
        "type": "github"
      },
      "original": {
        "owner": "nixos",
        "ref": "nixos-23.11",
        "repo": "nixpkgs",
        "type": "github"
      }
    },
    "quadlet": {
      "inputs": {
        "nixpkgs": [
          "nixpkgs"
        ]
      },
      "locked": {
        "lastModified": 1714612847,
        "narHash": "sha256-uJXIcztDwkHs2/PQFDh3gjZkqdSxwks0Ov/liEfZics=",
        "owner": "SEIAROTg",
        "repo": "quadlet-nix",
        "rev": "1d98e3170782eb7ca96157efcd7fbbb698120604",
        "type": "github"
      },
      "original": {
        "owner": "SEIAROTg",
        "repo": "quadlet-nix",
        "type": "github"
      }
    },
    "root": {
      "inputs": {
        "nixpkgs": "nixpkgs",
        "quadlet": "quadlet"
      }
    }
  },
  "root": "root",
  "version": 7
}
